{
  "name": "mypackagetest",
  "lockfileVersion": 3,
  "requires": true,
  "packages": {
    "": {
      "dependencies": {
        "haseeb-license-checker": "^1.0.0"
      }
    },
    "node_modules/haseeb-license-checker": {
      "version": "1.0.1",
      "resolved": "https://registry.npmjs.org/haseeb-license-checker/-/haseeb-license-checker-1.0.1.tgz",
      "integrity": "sha512-YbAwnziuqvej/hYi4jk+v2Rr7kg64VMjBp7d+YIbQHD7VoA4dfshn7O2CCopS2VB58QIlL1IcBt6ipDQ3TzFTw=="
    }
  }
}
